
Microsoft Visual Studio Solution File, Format Version 12.00
# Visual Studio Version 17
VisualStudioVersion = 17.14.36310.24 d17.14
MinimumVisualStudioVersion = 10.0.40219.1
Project("{FAE04EC0-301F-11D3-BF4B-00C04F79EFBC}") = "Hellox", "Hellox\Hellox.csproj", "{F1B097E0-BA2A-44BC-9BFE-E3542E838C3F}"
EndProject
Project("{FAE04EC0-301F-11D3-BF4B-00C04F79EFBC}") = "eletkor", "eletkor\eletkor.csproj", "{DD042254-218F-490C-BC03-9F46122AEE43}"
EndProject
Project("{FAE04EC0-301F-11D3-BF4B-00C04F79EFBC}") = "tippmix", "tippmix\tippmix.csproj", "{4168378B-B545-4F2D-8DD0-7F0607387769}"
EndProject
Global
	GlobalSection(SolutionConfigurationPlatforms) = preSolution
		Debug|Any CPU = Debug|Any CPU
		Release|Any CPU = Release|Any CPU
	EndGlobalSection
	GlobalSection(ProjectConfigurationPlatforms) = postSolution
		{F1B097E0-BA2A-44BC-9BFE-E3542E838C3F}.Debug|Any CPU.ActiveCfg = Debug|Any CPU
		{F1B097E0-BA2A-44BC-9BFE-E3542E838C3F}.Debug|Any CPU.Build.0 = Debug|Any CPU
		{F1B097E0-BA2A-44BC-9BFE-E3542E838C3F}.Release|Any CPU.ActiveCfg = Release|Any CPU
		{F1B097E0-BA2A-44BC-9BFE-E3542E838C3F}.Release|Any CPU.Build.0 = Release|Any CPU
		{DD042254-218F-490C-BC03-9F46122AEE43}.Debug|Any CPU.ActiveCfg = Debug|Any CPU
		{DD042254-218F-490C-BC03-9F46122AEE43}.Debug|Any CPU.Build.0 = Debug|Any CPU
		{DD042254-218F-490C-BC03-9F46122AEE43}.Release|Any CPU.ActiveCfg = Release|Any CPU
		{DD042254-218F-490C-BC03-9F46122AEE43}.Release|Any CPU.Build.0 = Release|Any CPU
		{4168378B-B545-4F2D-8DD0-7F0607387769}.Debug|Any CPU.ActiveCfg = Debug|Any CPU
		{4168378B-B545-4F2D-8DD0-7F0607387769}.Debug|Any CPU.Build.0 = Debug|Any CPU
		{4168378B-B545-4F2D-8DD0-7F0607387769}.Release|Any CPU.ActiveCfg = Release|Any CPU
		{4168378B-B545-4F2D-8DD0-7F0607387769}.Release|Any CPU.Build.0 = Release|Any CPU
	EndGlobalSection
	GlobalSection(SolutionProperties) = preSolution
		HideSolutionNode = FALSE
	EndGlobalSection
	GlobalSection(ExtensibilityGlobals) = postSolution
		SolutionGuid = {C2A12732-617A-4458-92C8-43BC4EC84F6E}
	EndGlobalSection
EndGlobal
