
Microsoft Visual Studio Solution File, Format Version 12.00
# Visual Studio Version 17
VisualStudioVersion = 17.14.36310.24 d17.14
MinimumVisualStudioVersion = 10.0.40219.1
Project("{FAE04EC0-301F-11D3-BF4B-00C04F79EFBC}") = "Valtozok-31", "31oldal\Valtozok-31.csproj", "{D3F9B083-330C-4E8B-8922-E62541E62518}"
EndProject
Project("{FAE04EC0-301F-11D3-BF4B-00C04F79EFBC}") = "35", "35\35.csproj", "{9B4C50CD-CB47-4D29-9C52-745906E77559}"
EndProject
Global
	GlobalSection(SolutionConfigurationPlatforms) = preSolution
		Debug|Any CPU = Debug|Any CPU
		Release|Any CPU = Release|Any CPU
	EndGlobalSection
	GlobalSection(ProjectConfigurationPlatforms) = postSolution
		{D3F9B083-330C-4E8B-8922-E62541E62518}.Debug|Any CPU.ActiveCfg = Debug|Any CPU
		{D3F9B083-330C-4E8B-8922-E62541E62518}.Debug|Any CPU.Build.0 = Debug|Any CPU
		{D3F9B083-330C-4E8B-8922-E62541E62518}.Release|Any CPU.ActiveCfg = Release|Any CPU
		{D3F9B083-330C-4E8B-8922-E62541E62518}.Release|Any CPU.Build.0 = Release|Any CPU
		{9B4C50CD-CB47-4D29-9C52-745906E77559}.Debug|Any CPU.ActiveCfg = Debug|Any CPU
		{9B4C50CD-CB47-4D29-9C52-745906E77559}.Debug|Any CPU.Build.0 = Debug|Any CPU
		{9B4C50CD-CB47-4D29-9C52-745906E77559}.Release|Any CPU.ActiveCfg = Release|Any CPU
		{9B4C50CD-CB47-4D29-9C52-745906E77559}.Release|Any CPU.Build.0 = Release|Any CPU
	EndGlobalSection
	GlobalSection(SolutionProperties) = preSolution
		HideSolutionNode = FALSE
	EndGlobalSection
	GlobalSection(ExtensibilityGlobals) = postSolution
		SolutionGuid = {58C7BE8C-2498-4C46-9743-DC33666B516B}
	EndGlobalSection
EndGlobal
