
Microsoft Visual Studio Solution File, Format Version 12.00
# Visual Studio Version 17
VisualStudioVersion = 17.8.34511.84
MinimumVisualStudioVersion = 10.0.40219.1
Project("{FAE04EC0-301F-11D3-BF4B-00C04F79EFBC}") = "munkabajaras", "munkabajaras\munkabajaras.csproj", "{C7966A4B-762C-4B3A-BCBD-3C8579F46A96}"
EndProject
Project("{FAE04EC0-301F-11D3-BF4B-00C04F79EFBC}") = "csapadek_statisztika", "csapadek_statisztika\csapadek_statisztika.csproj", "{870838A3-7E26-4D12-96AC-1425102A14E6}"
EndProject
Global
	GlobalSection(SolutionConfigurationPlatforms) = preSolution
		Debug|Any CPU = Debug|Any CPU
		Release|Any CPU = Release|Any CPU
	EndGlobalSection
	GlobalSection(ProjectConfigurationPlatforms) = postSolution
		{C7966A4B-762C-4B3A-BCBD-3C8579F46A96}.Debug|Any CPU.ActiveCfg = Debug|Any CPU
		{C7966A4B-762C-4B3A-BCBD-3C8579F46A96}.Debug|Any CPU.Build.0 = Debug|Any CPU
		{C7966A4B-762C-4B3A-BCBD-3C8579F46A96}.Release|Any CPU.ActiveCfg = Release|Any CPU
		{C7966A4B-762C-4B3A-BCBD-3C8579F46A96}.Release|Any CPU.Build.0 = Release|Any CPU
		{870838A3-7E26-4D12-96AC-1425102A14E6}.Debug|Any CPU.ActiveCfg = Debug|Any CPU
		{870838A3-7E26-4D12-96AC-1425102A14E6}.Debug|Any CPU.Build.0 = Debug|Any CPU
		{870838A3-7E26-4D12-96AC-1425102A14E6}.Release|Any CPU.ActiveCfg = Release|Any CPU
		{870838A3-7E26-4D12-96AC-1425102A14E6}.Release|Any CPU.Build.0 = Release|Any CPU
	EndGlobalSection
	GlobalSection(SolutionProperties) = preSolution
		HideSolutionNode = FALSE
	EndGlobalSection
	GlobalSection(ExtensibilityGlobals) = postSolution
		SolutionGuid = {28EF3BC3-40AB-4300-AC38-CDC7B57212A1}
	EndGlobalSection
EndGlobal
