
Microsoft Visual Studio Solution File, Format Version 12.00
# Visual Studio Version 17
VisualStudioVersion = 17.14.36310.24
MinimumVisualStudioVersion = 10.0.40219.1
Project("{FAE04EC0-301F-11D3-BF4B-00C04F79EFBC}") = "MM-Rekordok", "MM-Rekordok.csproj", "{2157422F-C90D-4647-9534-74384E5D87E0}"
EndProject
Project("{FAE04EC0-301F-11D3-BF4B-00C04F79EFBC}") = "54_1_telek", "..\54_1_telek\54_1_telek.csproj", "{F0F76E41-6901-4A6D-BD04-15950F5F7CD9}"
EndProject
Project("{FAE04EC0-301F-11D3-BF4B-00C04F79EFBC}") = "54_3_lift", "..\54_3_lift\54_3_lift.csproj", "{17829E75-557A-4E0E-93B2-6BD67CDD422E}"
EndProject
Global
	GlobalSection(SolutionConfigurationPlatforms) = preSolution
		Debug|Any CPU = Debug|Any CPU
		Release|Any CPU = Release|Any CPU
	EndGlobalSection
	GlobalSection(ProjectConfigurationPlatforms) = postSolution
		{2157422F-C90D-4647-9534-74384E5D87E0}.Debug|Any CPU.ActiveCfg = Debug|Any CPU
		{2157422F-C90D-4647-9534-74384E5D87E0}.Debug|Any CPU.Build.0 = Debug|Any CPU
		{2157422F-C90D-4647-9534-74384E5D87E0}.Release|Any CPU.ActiveCfg = Release|Any CPU
		{2157422F-C90D-4647-9534-74384E5D87E0}.Release|Any CPU.Build.0 = Release|Any CPU
		{F0F76E41-6901-4A6D-BD04-15950F5F7CD9}.Debug|Any CPU.ActiveCfg = Debug|Any CPU
		{F0F76E41-6901-4A6D-BD04-15950F5F7CD9}.Debug|Any CPU.Build.0 = Debug|Any CPU
		{F0F76E41-6901-4A6D-BD04-15950F5F7CD9}.Release|Any CPU.ActiveCfg = Release|Any CPU
		{F0F76E41-6901-4A6D-BD04-15950F5F7CD9}.Release|Any CPU.Build.0 = Release|Any CPU
		{17829E75-557A-4E0E-93B2-6BD67CDD422E}.Debug|Any CPU.ActiveCfg = Debug|Any CPU
		{17829E75-557A-4E0E-93B2-6BD67CDD422E}.Debug|Any CPU.Build.0 = Debug|Any CPU
		{17829E75-557A-4E0E-93B2-6BD67CDD422E}.Release|Any CPU.ActiveCfg = Release|Any CPU
		{17829E75-557A-4E0E-93B2-6BD67CDD422E}.Release|Any CPU.Build.0 = Release|Any CPU
	EndGlobalSection
	GlobalSection(SolutionProperties) = preSolution
		HideSolutionNode = FALSE
	EndGlobalSection
	GlobalSection(ExtensibilityGlobals) = postSolution
		SolutionGuid = {43B16C3E-CA4C-40CC-99CE-73729F21EF2F}
	EndGlobalSection
EndGlobal
